// !$*UTF8*$!
{
	archiveVersion = 1;
	classes = {
	};
	objectVersion = 46;
	objects = {

/* Begin PBXBuildFile section */
		1D0A54251EA3977A00A6F093 /* AddViewController.swift in Sources */ = {isa = PBXBuildFile; fileRef = 1D0A54241EA3977A00A6F093 /* AddViewController.swift */; };
		1D0A542A1EA3D58500A6F093 /* DataModel.xcdatamodeld in Sources */ = {isa = PBXBuildFile; fileRef = 1D0A54281EA3D58400A6F093 /* DataModel.xcdatamodeld */; };
		1D75D5651EA28C630076946F /* AppDelegate.swift in Sources */ = {isa = PBXBuildFile; fileRef = 1D75D5641EA28C630076946F /* AppDelegate.swift */; };
		1D75D5671EA28C630076946F /* ViewController.swift in Sources */ = {isa = PBXBuildFile; fileRef = 1D75D5661EA28C630076946F /* ViewController.swift */; };
		1D75D56A1EA28C630076946F /* Main.storyboard in Resources */ = {isa = PBXBuildFile; fileRef = 1D75D5681EA28C630076946F /* Main.storyboard */; };
		1D75D56C1EA28C630076946F /* Assets.xcassets in Resources */ = {isa = PBXBuildFile; fileRef = 1D75D56B1EA28C630076946F /* Assets.xcassets */; };
		1D75D56F1EA28C630076946F /* LaunchScreen.storyboard in Resources */ = {isa = PBXBuildFile; fileRef = 1D75D56D1EA28C630076946F /* LaunchScreen.storyboard */; };
		1D83C9991EA3DA1200458C1D /* TableViewController.swift in Sources */ = {isa = PBXBuildFile; fileRef = 1D83C9981EA3DA1200458C1D /* TableViewController.swift */; };
		1D83C99B1EA3E7D800458C1D /* DetailsViewController.swift in Sources */ = {isa = PBXBuildFile; fileRef = 1D83C99A1EA3E7D800458C1D /* DetailsViewController.swift */; };
		1D83C99D1EA40B5E00458C1D /* MapDetailsViewController.swift in Sources */ = {isa = PBXBuildFile; fileRef = 1D83C99C1EA40B5E00458C1D /* MapDetailsViewController.swift */; };
/* End PBXBuildFile section */

/* Begin PBXFileReference section */
		1D0A54241EA3977A00A6F093 /* AddViewController.swift */ = {isa = PBXFileReference; fileEncoding = 4; lastKnownFileType = sourcecode.swift; path = AddViewController.swift; sourceTree = "<group>"; };
		1D0A54291EA3D58500A6F093 /* DataModel.xcdatamodel */ = {isa = PBXFileReference; lastKnownFileType = wrapper.xcdatamodel; path = DataModel.xcdatamodel; sourceTree = "<group>"; };
		1D75D5611EA28C620076946F /* Where_is_my_car.app */ = {isa = PBXFileReference; explicitFileType = wrapper.application; includeInIndex = 0; path = Where_is_my_car.app; sourceTree = BUILT_PRODUCTS_DIR; };
		1D75D5641EA28C630076946F /* AppDelegate.swift */ = {isa = PBXFileReference; lastKnownFileType = sourcecode.swift; path = AppDelegate.swift; sourceTree = "<group>"; };
		1D75D5661EA28C630076946F /* ViewController.swift */ = {isa = PBXFileReference; lastKnownFileType = sourcecode.swift; path = ViewController.swift; sourceTree = "<group>"; };
		1D75D5691EA28C630076946F /* Base */ = {isa = PBXFileReference; lastKnownFileType = file.storyboard; name = Base; path = Base.lproj/Main.storyboard; sourceTree = "<group>"; };
		1D75D56B1EA28C630076946F /* Assets.xcassets */ = {isa = PBXFileReference; lastKnownFileType = folder.assetcatalog; path = Assets.xcassets; sourceTree = "<group>"; };
		1D75D56E1EA28C630076946F /* Base */ = {isa = PBXFileReference; lastKnownFileType = file.storyboard; name = Base; path = Base.lproj/LaunchScreen.storyboard; sourceTree = "<group>"; };
		1D75D5701EA28C630076946F /* Info.plist */ = {isa = PBXFileReference; lastKnownFileType = text.plist.xml; path = Info.plist; sourceTree = "<group>"; };
		1D83C9981EA3DA1200458C1D /* TableViewController.swift */ = {isa = PBXFileReference; fileEncoding = 4; lastKnownFileType = sourcecode.swift; path = TableViewController.swift; sourceTree = "<group>"; };
		1D83C99A1EA3E7D800458C1D /* DetailsViewController.swift */ = {isa = PBXFileReference; fileEncoding = 4; lastKnownFileType = sourcecode.swift; path = DetailsViewController.swift; sourceTree = "<group>"; };
		1D83C99C1EA40B5E00458C1D /* MapDetailsViewController.swift */ = {isa = PBXFileReference; fileEncoding = 4; lastKnownFileType = sourcecode.swift; path = MapDetailsViewController.swift; sourceTree = "<group>"; };
/* End PBXFileReference section */

/* Begin PBXFrameworksBuildPhase section */
		1D75D55E1EA28C610076946F /* Frameworks */ = {
			isa = PBXFrameworksBuildPhase;
			buildActionMask = 2147483647;
			files = (
			);
			runOnlyForDeploymentPostprocessing = 0;
		};
/* End PBXFrameworksBuildPhase section */

/* Begin PBXGroup section */
		1D0A54211EA36A3F00A6F093 /* Frameworks */ = {
			isa = PBXGroup;
			children = (
			);
			name = Frameworks;
			sourceTree = "<group>";
		};
		1D75D5581EA28C600076946F = {
			isa = PBXGroup;
			children = (
				1D75D5631EA28C620076946F /* Where_is_my_car */,
				1D75D5621EA28C620076946F /* Products */,
				1D0A54211EA36A3F00A6F093 /* Frameworks */,
			);
			sourceTree = "<group>";
		};
		1D75D5621EA28C620076946F /* Products */ = {
			isa = PBXGroup;
			children = (
				1D75D5611EA28C620076946F /* Where_is_my_car.app */,
			);
			name = Products;
			sourceTree = "<group>";
		};
		1D75D5631EA28C620076946F /* Where_is_my_car */ = {
			isa = PBXGroup;
			children = (
				1D75D5641EA28C630076946F /* AppDelegate.swift */,
				1D0A54281EA3D58400A6F093 /* DataModel.xcdatamodeld */,
				1D0A54241EA3977A00A6F093 /* AddViewController.swift */,
				1D83C99A1EA3E7D800458C1D /* DetailsViewController.swift */,
				1D83C99C1EA40B5E00458C1D /* MapDetailsViewController.swift */,
				1D83C9981EA3DA1200458C1D /* TableViewController.swift */,
				1D75D5661EA28C630076946F /* ViewController.swift */,
				1D75D5681EA28C630076946F /* Main.storyboard */,
				1D75D56B1EA28C630076946F /* Assets.xcassets */,
				1D75D56D1EA28C630076946F /* LaunchScreen.storyboard */,
				1D75D5701EA28C630076946F /* Info.plist */,
			);
			path = Where_is_my_car;
			sourceTree = "<group>";
		};
/* End PBXGroup section */

/* Begin PBXNativeTarget section */
		1D75D5601EA28C610076946F /* Where_is_my_car */ = {
			isa = PBXNativeTarget;
			buildConfigurationList = 1D75D5731EA28C630076946F /* Build configuration list for PBXNativeTarget "Where_is_my_car" */;
			buildPhases = (
				1D75D55D1EA28C610076946F /* Sources */,
				1D75D55E1EA28C610076946F /* Frameworks */,
				1D75D55F1EA28C610076946F /* Resources */,
			);
			buildRules = (
			);
			dependencies = (
			);
			name = Where_is_my_car;
			productName = Where_is_my_car;
			productReference = 1D75D5611EA28C620076946F /* Where_is_my_car.app */;
			productType = "com.apple.product-type.application";
		};
/* End PBXNativeTarget section */

/* Begin PBXProject section */
		1D75D5591EA28C610076946F /* Project object */ = {
			isa = PBXProject;
			attributes = {
				LastSwiftUpdateCheck = 0820;
				LastUpgradeCheck = 0820;
				ORGANIZATIONNAME = "Maxime Guisset";
				TargetAttributes = {
					1D75D5601EA28C610076946F = {
						CreatedOnToolsVersion = 8.2.1;
						DevelopmentTeam = S82EE5HG5Z;
						ProvisioningStyle = Automatic;
						SystemCapabilities = {
							com.apple.Maps.iOS = {
								enabled = 0;
							};
						};
					};
				};
			};
			buildConfigurationList = 1D75D55C1EA28C610076946F /* Build configuration list for PBXProject "Where_is_my_car" */;
			compatibilityVersion = "Xcode 3.2";
			developmentRegion = English;
			hasScannedForEncodings = 0;
			knownRegions = (
				en,
				Base,
			);
			mainGroup = 1D75D5581EA28C600076946F;
			productRefGroup = 1D75D5621EA28C620076946F /* Products */;
			projectDirPath = "";
			projectRoot = "";
			targets = (
				1D75D5601EA28C610076946F /* Where_is_my_car */,
			);
		};
/* End PBXProject section */

/* Begin PBXResourcesBuildPhase section */
		1D75D55F1EA28C610076946F /* Resources */ = {
			isa = PBXResourcesBuildPhase;
			buildActionMask = 2147483647;
			files = (
				1D75D56F1EA28C630076946F /* LaunchScreen.storyboard in Resources */,
				1D75D56C1EA28C630076946F /* Assets.xcassets in Resources */,
				1D75D56A1EA28C630076946F /* Main.storyboard in Resources */,
			);
			runOnlyForDeploymentPostprocessing = 0;
		};
/* End PBXResourcesBuildPhase section */

/* Begin PBXSourcesBuildPhase section */
		1D75D55D1EA28C610076946F /* Sources */ = {
			isa = PBXSourcesBuildPhase;
			buildActionMask = 2147483647;
			files = (
				1D75D5671EA28C630076946F /* ViewController.swift in Sources */,
				1D83C9991EA3DA1200458C1D /* TableViewController.swift in Sources */,
				1D0A542A1EA3D58500A6F093 /* DataModel.xcdatamodeld in Sources */,
				1D75D5651EA28C630076946F /* AppDelegate.swift in Sources */,
				1D83C99D1EA40B5E00458C1D /* MapDetailsViewController.swift in Sources */,
				1D0A54251EA3977A00A6F093 /* AddViewController.swift in Sources */,
				1D83C99B1EA3E7D800458C1D /* DetailsViewController.swift in Sources */,
			);
			runOnlyForDeploymentPostprocessing = 0;
		};
/* End PBXSourcesBuildPhase section */

/* Begin PBXVariantGroup section */
		1D75D5681EA28C630076946F /* Main.storyboard */ = {
			isa = PBXVariantGroup;
			children = (
				1D75D5691EA28C630076946F /* Base */,
			);
			name = Main.storyboard;
			sourceTree = "<group>";
		};
		1D75D56D1EA28C630076946F /* LaunchScreen.storyboard */ = {
			isa = PBXVariantGroup;
			children = (
				1D75D56E1EA28C630076946F /* Base */,
			);
			name = LaunchScreen.storyboard;
			sourceTree = "<group>";
		};
/* End PBXVariantGroup section */

/* Begin XCBuildConfiguration section */
		1D75D5711EA28C630076946F /* Debug */ = {
			isa = XCBuildConfiguration;
			buildSettings = {
				ALWAYS_SEARCH_USER_PATHS = NO;
				CLANG_ANALYZER_NONNULL = YES;
				CLANG_CXX_LANGUAGE_STANDARD = "gnu++0x";
				CLANG_CXX_LIBRARY = "libc++";
				CLANG_ENABLE_MODULES = YES;
				CLANG_ENABLE_OBJC_ARC = YES;
				CLANG_WARN_BOOL_CONVERSION = YES;
				CLANG_WARN_CONSTANT_CONVERSION = YES;
				CLANG_WARN_DIRECT_OBJC_ISA_USAGE = YES_ERROR;
				CLANG_WARN_DOCUMENTATION_COMMENTS = YES;
				CLANG_WARN_EMPTY_BODY = YES;
				CLANG_WARN_ENUM_CONVERSION = YES;
				CLANG_WARN_INFINITE_RECURSION = YES;
				CLANG_WARN_INT_CONVERSION = YES;
				CLANG_WARN_OBJC_ROOT_CLASS = YES_ERROR;
				CLANG_WARN_SUSPICIOUS_MOVE = YES;
				CLANG_WARN_UNREACHABLE_CODE = YES;
				CLANG_WARN__DUPLICATE_METHOD_MATCH = YES;
				"CODE_SIGN_IDENTITY[sdk=iphoneos*]" = "iPhone Developer";
				COPY_PHASE_STRIP = NO;
				DEBUG_INFORMATION_FORMAT = dwarf;
				ENABLE_STRICT_OBJC_MSGSEND = YES;
				ENABLE_TESTABILITY = YES;
				GCC_C_LANGUAGE_STANDARD = gnu99;
				GCC_DYNAMIC_NO_PIC = NO;
				GCC_NO_COMMON_BLOCKS = YES;
				GCC_OPTIMIZATION_LEVEL = 0;
				GCC_PREPROCESSOR_DEFINITIONS = (
					"DEBUG=1",
					"$(inherited)",
				);
				GCC_WARN_64_TO_32_BIT_CONVERSION = YES;
				GCC_WARN_ABOUT_RETURN_TYPE = YES_ERROR;
				GCC_WARN_UNDECLARED_SELECTOR = YES;
				GCC_WARN_UNINITIALIZED_AUTOS = YES_AGGRESSIVE;
				GCC_WARN_UNUSED_FUNCTION = YES;
				GCC_WARN_UNUSED_VARIABLE = YES;
				IPHONEOS_DEPLOYMENT_TARGET = 10.2;
				MTL_ENABLE_DEBUG_INFO = YES;
				ONLY_ACTIVE_ARCH = YES;
				SDKROOT = iphoneos;
				SWIFT_ACTIVE_COMPILATION_CONDITIONS = DEBUG;
				SWIFT_OPTIMIZATION_LEVEL = "-Onone";
			};
			name = Debug;
		};
		1D75D5721EA28C630076946F /* Release */ = {
			isa = XCBuildConfiguration;
			buildSettings = {
				ALWAYS_SEARCH_USER_PATHS = NO;
				CLANG_ANALYZER_NONNULL = YES;
				CLANG_CXX_LANGUAGE_STANDARD = "gnu++0x";
				CLANG_CXX_LIBRARY = "libc++";
				CLANG_ENABLE_MODULES = YES;
				CLANG_ENABLE_OBJC_ARC = YES;
				CLANG_WARN_BOOL_CONVERSION = YES;
				CLANG_WARN_CONSTANT_CONVERSION = YES;
				CLANG_WARN_DIRECT_OBJC_ISA_USAGE = YES_ERROR;
				CLANG_WARN_DOCUMENTATION_COMMENTS = YES;
				CLANG_WARN_EMPTY_BODY = YES;
				CLANG_WARN_ENUM_CONVERSION = YES;
				CLANG_WARN_INFINITE_RECURSION = YES;
				CLANG_WARN_INT_CONVERSION = YES;
				CLANG_WARN_OBJC_ROOT_CLASS = YES_ERROR;
				CLANG_WARN_SUSPICIOUS_MOVE = YES;
				CLANG_WARN_UNREACHABLE_CODE = YES;
				CLANG_WARN__DUPLICATE_METHOD_MATCH = YES;
				"CODE_SIGN_IDENTITY[sdk=iphoneos*]" = "iPhone Developer";
				COPY_PHASE_STRIP = NO;
				DEBUG_INFORMATION_FORMAT = "dwarf-with-dsym";
				ENABLE_NS_ASSERTIONS = NO;
				ENABLE_STRICT_OBJC_MSGSEND = YES;
				GCC_C_LANGUAGE_STANDARD = gnu99;
				GCC_NO_COMMON_BLOCKS = YES;
				GCC_WARN_64_TO_32_BIT_CONVERSION = YES;
				GCC_WARN_ABOUT_RETURN_TYPE = YES_ERROR;
				GCC_WARN_UNDECLARED_SELECTOR = YES;
				GCC_WARN_UNINITIALIZED_AUTOS = YES_AGGRESSIVE;
				GCC_WARN_UNUSED_FUNCTION = YES;
				GCC_WARN_UNUSED_VARIABLE = YES;
				IPHONEOS_DEPLOYMENT_TARGET = 10.2;
				MTL_ENABLE_DEBUG_INFO = NO;
				SDKROOT = iphoneos;
				SWIFT_OPTIMIZATION_LEVEL = "-Owholemodule";
				VALIDATE_PRODUCT = YES;
			};
			name = Release;
		};
		1D75D5741EA28C630076946F /* Debug */ = {
			isa = XCBuildConfiguration;
			buildSettings = {
				ASSETCATALOG_COMPILER_APPICON_NAME = AppIcon;
				DEVELOPMENT_TEAM = S82EE5HG5Z;
				INFOPLIST_FILE = Where_is_my_car/Info.plist;
				IPHONEOS_DEPLOYMENT_TARGET = 10.0;
				LD_RUNPATH_SEARCH_PATHS = "$(inherited) @executable_path/Frameworks";
				PRODUCT_BUNDLE_IDENTIFIER = "com.maximeg.Where-is-my-car";
				PRODUCT_NAME = "$(TARGET_NAME)";
				SWIFT_VERSION = 3.0;
			};
			name = Debug;
		};
		1D75D5751EA28C630076946F /* Release */ = {
			isa = XCBuildConfiguration;
			buildSettings = {
				ASSETCATALOG_COMPILER_APPICON_NAME = AppIcon;
				DEVELOPMENT_TEAM = S82EE5HG5Z;
				INFOPLIST_FILE = Where_is_my_car/Info.plist;
				IPHONEOS_DEPLOYMENT_TARGET = 10.0;
				LD_RUNPATH_SEARCH_PATHS = "$(inherited) @executable_path/Frameworks";
				PRODUCT_BUNDLE_IDENTIFIER = "com.maximeg.Where-is-my-car";
				PRODUCT_NAME = "$(TARGET_NAME)";
				SWIFT_VERSION = 3.0;
			};
			name = Release;
		};
/* End XCBuildConfiguration section */

/* Begin XCConfigurationList section */
		1D75D55C1EA28C610076946F /* Build configuration list for PBXProject "Where_is_my_car" */ = {
			isa = XCConfigurationList;
			buildConfigurations = (
				1D75D5711EA28C630076946F /* Debug */,
				1D75D5721EA28C630076946F /* Release */,
			);
			defaultConfigurationIsVisible = 0;
			defaultConfigurationName = Release;
		};
		1D75D5731EA28C630076946F /* Build configuration list for PBXNativeTarget "Where_is_my_car" */ = {
			isa = XCConfigurationList;
			buildConfigurations = (
				1D75D5741EA28C630076946F /* Debug */,
				1D75D5751EA28C630076946F /* Release */,
			);
			defaultConfigurationIsVisible = 0;
			defaultConfigurationName = Release;
		};
/* End XCConfigurationList section */

/* Begin XCVersionGroup section */
		1D0A54281EA3D58400A6F093 /* DataModel.xcdatamodeld */ = {
			isa = XCVersionGroup;
			children = (
				1D0A54291EA3D58500A6F093 /* DataModel.xcdatamodel */,
			);
			currentVersion = 1D0A54291EA3D58500A6F093 /* DataModel.xcdatamodel */;
			path = DataModel.xcdatamodeld;
			sourceTree = "<group>";
			versionGroupType = wrapper.xcdatamodel;
		};
/* End XCVersionGroup section */
	};
	rootObject = 1D75D5591EA28C610076946F /* Project object */;
}
